
Microsoft Visual Studio Solution File, Format Version 12.00
# Visual Studio Version 16
VisualStudioVersion = 16.0.29728.190
MinimumVisualStudioVersion = 10.0.40219.1
Project("{FAE04EC0-301F-11D3-BF4B-00C04F79EFBC}") = "Метод последовательных приближений", "Метод последовательных приближений.csproj", "{184C8A60-1EBA-42A1-9E17-AE1B18FE1A87}"
EndProject
Global
	GlobalSection(SolutionConfigurationPlatforms) = preSolution
		Debug|Any CPU = Debug|Any CPU
		Release|Any CPU = Release|Any CPU
	EndGlobalSection
	GlobalSection(ProjectConfigurationPlatforms) = postSolution
		{184C8A60-1EBA-42A1-9E17-AE1B18FE1A87}.Debug|Any CPU.ActiveCfg = Debug|Any CPU
		{184C8A60-1EBA-42A1-9E17-AE1B18FE1A87}.Debug|Any CPU.Build.0 = Debug|Any CPU
		{184C8A60-1EBA-42A1-9E17-AE1B18FE1A87}.Release|Any CPU.ActiveCfg = Release|Any CPU
		{184C8A60-1EBA-42A1-9E17-AE1B18FE1A87}.Release|Any CPU.Build.0 = Release|Any CPU
	EndGlobalSection
	GlobalSection(SolutionProperties) = preSolution
		HideSolutionNode = FALSE
	EndGlobalSection
	GlobalSection(ExtensibilityGlobals) = postSolution
		SolutionGuid = {6FEB58AD-AA35-41EE-910F-2B1B0C36078B}
	EndGlobalSection
EndGlobal
