
Microsoft Visual Studio Solution File, Format Version 12.00
# Visual Studio Version 16
VisualStudioVersion = 16.0.29728.190
MinimumVisualStudioVersion = 10.0.40219.1
Project("{FAE04EC0-301F-11D3-BF4B-00C04F79EFBC}") = "Алгоритм Крускала", "Алгоритм Крускала.csproj", "{62945537-004D-4C80-82D9-A6DC417CE1BF}"
EndProject
Global
	GlobalSection(SolutionConfigurationPlatforms) = preSolution
		Debug|Any CPU = Debug|Any CPU
		Release|Any CPU = Release|Any CPU
	EndGlobalSection
	GlobalSection(ProjectConfigurationPlatforms) = postSolution
		{62945537-004D-4C80-82D9-A6DC417CE1BF}.Debug|Any CPU.ActiveCfg = Debug|Any CPU
		{62945537-004D-4C80-82D9-A6DC417CE1BF}.Debug|Any CPU.Build.0 = Debug|Any CPU
		{62945537-004D-4C80-82D9-A6DC417CE1BF}.Release|Any CPU.ActiveCfg = Release|Any CPU
		{62945537-004D-4C80-82D9-A6DC417CE1BF}.Release|Any CPU.Build.0 = Release|Any CPU
	EndGlobalSection
	GlobalSection(SolutionProperties) = preSolution
		HideSolutionNode = FALSE
	EndGlobalSection
	GlobalSection(ExtensibilityGlobals) = postSolution
		SolutionGuid = {DB3529A0-B601-4A78-8DFA-318EA6307C57}
	EndGlobalSection
EndGlobal
